
Microsoft Visual Studio Solution File, Format Version 12.00
# Visual Studio Version 16
VisualStudioVersion = 16.0.28729.10
MinimumVisualStudioVersion = 10.0.40219.1
Project("{2150E333-8FDC-42A3-9474-1A3956D46DE8}") = "Common", "Common", "{8A5CD61C-3AB2-46F1-8450-7A1B6A47A764}"
EndProject
Project("{2150E333-8FDC-42A3-9474-1A3956D46DE8}") = "Services", "Services", "{8BD5B4A2-5280-4B6A-9F33-4189D66F88B6}"
EndProject
Project("{2150E333-8FDC-42A3-9474-1A3956D46DE8}") = "UI", "UI", "{4F876DFA-4EFE-4975-9E23-E50BB1D013B5}"
EndProject
Project("{9A19103F-16F7-4668-BE54-9A1E7A4F7556}") = "WebStore.Domain", "Common\WebStore.Domain\WebStore.Domain.csproj", "{98144427-E5CC-4967-8FCD-ED3EA71060BB}"
EndProject
Project("{9A19103F-16F7-4668-BE54-9A1E7A4F7556}") = "WebStore.DAL", "Services\WebStore.DAL\WebStore.DAL.csproj", "{E74E2C2B-B073-4304-9B0C-7BF5DFA8C6B4}"
EndProject
Project("{9A19103F-16F7-4668-BE54-9A1E7A4F7556}") = "WebStore", "UI\WebStore\WebStore.csproj", "{8247C9E3-1D54-42E2-93A6-B5AC877DBD5C}"
EndProject
Project("{FAE04EC0-301F-11D3-BF4B-00C04F79EFBC}") = "WebStore.ServiceHosting", "Services\WebStore.ServiceHosting\WebStore.ServiceHosting.csproj", "{FE611E48-7FF7-4045-A8BA-8FD8F36BC690}"
EndProject
Project("{FAE04EC0-301F-11D3-BF4B-00C04F79EFBC}") = "WebStore.Services", "Services\WebStore.Services\WebStore.Services.csproj", "{DD2A3D6C-8979-479E-9AD7-01E330584A53}"
EndProject
Project("{FAE04EC0-301F-11D3-BF4B-00C04F79EFBC}") = "WebStore.Interfaces", "Services\WebStore.Interfaces\WebStore.Interfaces.csproj", "{2DC7FF3F-5417-45D7-A4F4-0D636FC6A54C}"
EndProject
Project("{FAE04EC0-301F-11D3-BF4B-00C04F79EFBC}") = "WebStore.Clients", "Services\WebStore.Clients\WebStore.Clients.csproj", "{53FD8AC8-4883-44F5-8E5C-16ED1391229B}"
EndProject
Global
	GlobalSection(SolutionConfigurationPlatforms) = preSolution
		Debug|Any CPU = Debug|Any CPU
		Release|Any CPU = Release|Any CPU
	EndGlobalSection
	GlobalSection(ProjectConfigurationPlatforms) = postSolution
		{98144427-E5CC-4967-8FCD-ED3EA71060BB}.Debug|Any CPU.ActiveCfg = Debug|Any CPU
		{98144427-E5CC-4967-8FCD-ED3EA71060BB}.Debug|Any CPU.Build.0 = Debug|Any CPU
		{98144427-E5CC-4967-8FCD-ED3EA71060BB}.Release|Any CPU.ActiveCfg = Release|Any CPU
		{98144427-E5CC-4967-8FCD-ED3EA71060BB}.Release|Any CPU.Build.0 = Release|Any CPU
		{E74E2C2B-B073-4304-9B0C-7BF5DFA8C6B4}.Debug|Any CPU.ActiveCfg = Debug|Any CPU
		{E74E2C2B-B073-4304-9B0C-7BF5DFA8C6B4}.Debug|Any CPU.Build.0 = Debug|Any CPU
		{E74E2C2B-B073-4304-9B0C-7BF5DFA8C6B4}.Release|Any CPU.ActiveCfg = Release|Any CPU
		{E74E2C2B-B073-4304-9B0C-7BF5DFA8C6B4}.Release|Any CPU.Build.0 = Release|Any CPU
		{8247C9E3-1D54-42E2-93A6-B5AC877DBD5C}.Debug|Any CPU.ActiveCfg = Debug|Any CPU
		{8247C9E3-1D54-42E2-93A6-B5AC877DBD5C}.Debug|Any CPU.Build.0 = Debug|Any CPU
		{8247C9E3-1D54-42E2-93A6-B5AC877DBD5C}.Release|Any CPU.ActiveCfg = Release|Any CPU
		{8247C9E3-1D54-42E2-93A6-B5AC877DBD5C}.Release|Any CPU.Build.0 = Release|Any CPU
		{FE611E48-7FF7-4045-A8BA-8FD8F36BC690}.Debug|Any CPU.ActiveCfg = Debug|Any CPU
		{FE611E48-7FF7-4045-A8BA-8FD8F36BC690}.Debug|Any CPU.Build.0 = Debug|Any CPU
		{FE611E48-7FF7-4045-A8BA-8FD8F36BC690}.Release|Any CPU.ActiveCfg = Release|Any CPU
		{FE611E48-7FF7-4045-A8BA-8FD8F36BC690}.Release|Any CPU.Build.0 = Release|Any CPU
		{DD2A3D6C-8979-479E-9AD7-01E330584A53}.Debug|Any CPU.ActiveCfg = Debug|Any CPU
		{DD2A3D6C-8979-479E-9AD7-01E330584A53}.Debug|Any CPU.Build.0 = Debug|Any CPU
		{DD2A3D6C-8979-479E-9AD7-01E330584A53}.Release|Any CPU.ActiveCfg = Release|Any CPU
		{DD2A3D6C-8979-479E-9AD7-01E330584A53}.Release|Any CPU.Build.0 = Release|Any CPU
		{2DC7FF3F-5417-45D7-A4F4-0D636FC6A54C}.Debug|Any CPU.ActiveCfg = Debug|Any CPU
		{2DC7FF3F-5417-45D7-A4F4-0D636FC6A54C}.Debug|Any CPU.Build.0 = Debug|Any CPU
		{2DC7FF3F-5417-45D7-A4F4-0D636FC6A54C}.Release|Any CPU.ActiveCfg = Release|Any CPU
		{2DC7FF3F-5417-45D7-A4F4-0D636FC6A54C}.Release|Any CPU.Build.0 = Release|Any CPU
		{53FD8AC8-4883-44F5-8E5C-16ED1391229B}.Debug|Any CPU.ActiveCfg = Debug|Any CPU
		{53FD8AC8-4883-44F5-8E5C-16ED1391229B}.Debug|Any CPU.Build.0 = Debug|Any CPU
		{53FD8AC8-4883-44F5-8E5C-16ED1391229B}.Release|Any CPU.ActiveCfg = Release|Any CPU
		{53FD8AC8-4883-44F5-8E5C-16ED1391229B}.Release|Any CPU.Build.0 = Release|Any CPU
	EndGlobalSection
	GlobalSection(SolutionProperties) = preSolution
		HideSolutionNode = FALSE
	EndGlobalSection
	GlobalSection(NestedProjects) = preSolution
		{98144427-E5CC-4967-8FCD-ED3EA71060BB} = {8A5CD61C-3AB2-46F1-8450-7A1B6A47A764}
		{E74E2C2B-B073-4304-9B0C-7BF5DFA8C6B4} = {8BD5B4A2-5280-4B6A-9F33-4189D66F88B6}
		{8247C9E3-1D54-42E2-93A6-B5AC877DBD5C} = {4F876DFA-4EFE-4975-9E23-E50BB1D013B5}
		{FE611E48-7FF7-4045-A8BA-8FD8F36BC690} = {8BD5B4A2-5280-4B6A-9F33-4189D66F88B6}
		{DD2A3D6C-8979-479E-9AD7-01E330584A53} = {8BD5B4A2-5280-4B6A-9F33-4189D66F88B6}
		{2DC7FF3F-5417-45D7-A4F4-0D636FC6A54C} = {8BD5B4A2-5280-4B6A-9F33-4189D66F88B6}
		{53FD8AC8-4883-44F5-8E5C-16ED1391229B} = {8BD5B4A2-5280-4B6A-9F33-4189D66F88B6}
	EndGlobalSection
	GlobalSection(ExtensibilityGlobals) = postSolution
		SolutionGuid = {4E50736C-937D-41A4-B9AA-F79FFDB6A160}
	EndGlobalSection
EndGlobal
